
Microsoft Visual Studio Solution File, Format Version 12.00
# Visual Studio Version 16
VisualStudioVersion = 25.0.1703.6
MinimumVisualStudioVersion = 10.0.40219.1
Project("{FAE04EC0-301F-11D3-BF4B-00C04F79EFBC}") = "RoboHUD", "RoboHUD\RoboHUD.csproj", "{98C045E0-A1A2-433C-95A5-7FD6C15298A2}"
EndProject
Global
	GlobalSection(SolutionConfigurationPlatforms) = preSolution
		Debug|Any CPU = Debug|Any CPU
		Release|Any CPU = Release|Any CPU
	EndGlobalSection
	GlobalSection(ProjectConfigurationPlatforms) = postSolution
		{98C045E0-A1A2-433C-95A5-7FD6C15298A2}.Debug|Any CPU.ActiveCfg = Debug|Any CPU
		{98C045E0-A1A2-433C-95A5-7FD6C15298A2}.Debug|Any CPU.Build.0 = Debug|Any CPU
		{98C045E0-A1A2-433C-95A5-7FD6C15298A2}.Release|Any CPU.ActiveCfg = Release|Any CPU
		{98C045E0-A1A2-433C-95A5-7FD6C15298A2}.Release|Any CPU.Build.0 = Release|Any CPU
	EndGlobalSection
	GlobalSection(SolutionProperties) = preSolution
		HideSolutionNode = FALSE
	EndGlobalSection
	GlobalSection(ExtensibilityGlobals) = postSolution
		SolutionGuid = {B2738934-1C4B-4697-B908-DC243AA70C1A}
	EndGlobalSection
EndGlobal
